
Microsoft Visual Studio Solution File, Format Version 12.00
# Visual Studio 15
VisualStudioVersion = 15.0.26124.0
MinimumVisualStudioVersion = 15.0.26124.0
Project("{FAE04EC0-301F-11D3-BF4B-00C04F79EFBC}") = "Solution", "Solution\Solution.csproj", "{6B42C698-5337-45FB-869F-8F1001F7D866}"
EndProject
Project("{FAE04EC0-301F-11D3-BF4B-00C04F79EFBC}") = "Solution.Test", "Solution.Test\Solution.Test.csproj", "{ACAD0E5E-CA0A-407D-A18C-83AFCE0FEB88}"
EndProject
Global
	GlobalSection(SolutionConfigurationPlatforms) = preSolution
		Debug|Any CPU = Debug|Any CPU
		Debug|x64 = Debug|x64
		Debug|x86 = Debug|x86
		Release|Any CPU = Release|Any CPU
		Release|x64 = Release|x64
		Release|x86 = Release|x86
	EndGlobalSection
	GlobalSection(SolutionProperties) = preSolution
		HideSolutionNode = FALSE
	EndGlobalSection
	GlobalSection(ProjectConfigurationPlatforms) = postSolution
		{6B42C698-5337-45FB-869F-8F1001F7D866}.Debug|Any CPU.ActiveCfg = Debug|Any CPU
		{6B42C698-5337-45FB-869F-8F1001F7D866}.Debug|Any CPU.Build.0 = Debug|Any CPU
		{6B42C698-5337-45FB-869F-8F1001F7D866}.Debug|x64.ActiveCfg = Debug|Any CPU
		{6B42C698-5337-45FB-869F-8F1001F7D866}.Debug|x64.Build.0 = Debug|Any CPU
		{6B42C698-5337-45FB-869F-8F1001F7D866}.Debug|x86.ActiveCfg = Debug|Any CPU
		{6B42C698-5337-45FB-869F-8F1001F7D866}.Debug|x86.Build.0 = Debug|Any CPU
		{6B42C698-5337-45FB-869F-8F1001F7D866}.Release|Any CPU.ActiveCfg = Release|Any CPU
		{6B42C698-5337-45FB-869F-8F1001F7D866}.Release|Any CPU.Build.0 = Release|Any CPU
		{6B42C698-5337-45FB-869F-8F1001F7D866}.Release|x64.ActiveCfg = Release|Any CPU
		{6B42C698-5337-45FB-869F-8F1001F7D866}.Release|x64.Build.0 = Release|Any CPU
		{6B42C698-5337-45FB-869F-8F1001F7D866}.Release|x86.ActiveCfg = Release|Any CPU
		{6B42C698-5337-45FB-869F-8F1001F7D866}.Release|x86.Build.0 = Release|Any CPU
		{ACAD0E5E-CA0A-407D-A18C-83AFCE0FEB88}.Debug|Any CPU.ActiveCfg = Debug|Any CPU
		{ACAD0E5E-CA0A-407D-A18C-83AFCE0FEB88}.Debug|Any CPU.Build.0 = Debug|Any CPU
		{ACAD0E5E-CA0A-407D-A18C-83AFCE0FEB88}.Debug|x64.ActiveCfg = Debug|Any CPU
		{ACAD0E5E-CA0A-407D-A18C-83AFCE0FEB88}.Debug|x64.Build.0 = Debug|Any CPU
		{ACAD0E5E-CA0A-407D-A18C-83AFCE0FEB88}.Debug|x86.ActiveCfg = Debug|Any CPU
		{ACAD0E5E-CA0A-407D-A18C-83AFCE0FEB88}.Debug|x86.Build.0 = Debug|Any CPU
		{ACAD0E5E-CA0A-407D-A18C-83AFCE0FEB88}.Release|Any CPU.ActiveCfg = Release|Any CPU
		{ACAD0E5E-CA0A-407D-A18C-83AFCE0FEB88}.Release|Any CPU.Build.0 = Release|Any CPU
		{ACAD0E5E-CA0A-407D-A18C-83AFCE0FEB88}.Release|x64.ActiveCfg = Release|Any CPU
		{ACAD0E5E-CA0A-407D-A18C-83AFCE0FEB88}.Release|x64.Build.0 = Release|Any CPU
		{ACAD0E5E-CA0A-407D-A18C-83AFCE0FEB88}.Release|x86.ActiveCfg = Release|Any CPU
		{ACAD0E5E-CA0A-407D-A18C-83AFCE0FEB88}.Release|x86.Build.0 = Release|Any CPU
	EndGlobalSection
EndGlobal
